// !$*UTF8*$!
{
	archiveVersion = 1;
	classes = {
	};
	objectVersion = 56;
	objects = {

/* Begin PBXBuildFile section */
		C5783ECC296A3DDE00F6F69F /* AppDelegate.swift in Sources */ = {isa = PBXBuildFile; fileRef = C5783ECB296A3DDE00F6F69F /* AppDelegate.swift */; };
		C5783ECE296A3DDE00F6F69F /* SceneDelegate.swift in Sources */ = {isa = PBXBuildFile; fileRef = C5783ECD296A3DDE00F6F69F /* SceneDelegate.swift */; };
		C5783ED0296A3DDE00F6F69F /* ViewController.swift in Sources */ = {isa = PBXBuildFile; fileRef = C5783ECF296A3DDE00F6F69F /* ViewController.swift */; };
		C5783ED5296A3DDF00F6F69F /* Assets.xcassets in Resources */ = {isa = PBXBuildFile; fileRef = C5783ED4296A3DDF00F6F69F /* Assets.xcassets */; };
		C5783ED8296A3DDF00F6F69F /* LaunchScreen.storyboard in Resources */ = {isa = PBXBuildFile; fileRef = C5783ED6296A3DDF00F6F69F /* LaunchScreen.storyboard */; };
		C5783EE1296A445F00F6F69F /* SnapKit in Frameworks */ = {isa = PBXBuildFile; productRef = C5783EE0296A445F00F6F69F /* SnapKit */; };
		C5783EEA296A4BF600F6F69F /* Observabe.swift in Sources */ = {isa = PBXBuildFile; fileRef = C5783EE9296A4BF600F6F69F /* Observabe.swift */; };
		C5783EEC296A4C1400F6F69F /* User.swift in Sources */ = {isa = PBXBuildFile; fileRef = C5783EEB296A4C1400F6F69F /* User.swift */; };
		C5783EEE296A4C3900F6F69F /* UserListViewModel.swift in Sources */ = {isa = PBXBuildFile; fileRef = C5783EED296A4C3900F6F69F /* UserListViewModel.swift */; };
		C5783EF0296A4C4400F6F69F /* UserTableViewCellViewModel.swift in Sources */ = {isa = PBXBuildFile; fileRef = C5783EEF296A4C4400F6F69F /* UserTableViewCellViewModel.swift */; };
/* End PBXBuildFile section */

/* Begin PBXFileReference section */
		C5783EC8296A3DDE00F6F69F /* MVVM Bindings.app */ = {isa = PBXFileReference; explicitFileType = wrapper.application; includeInIndex = 0; path = "MVVM Bindings.app"; sourceTree = BUILT_PRODUCTS_DIR; };
		C5783ECB296A3DDE00F6F69F /* AppDelegate.swift */ = {isa = PBXFileReference; lastKnownFileType = sourcecode.swift; path = AppDelegate.swift; sourceTree = "<group>"; };
		C5783ECD296A3DDE00F6F69F /* SceneDelegate.swift */ = {isa = PBXFileReference; lastKnownFileType = sourcecode.swift; path = SceneDelegate.swift; sourceTree = "<group>"; };
		C5783ECF296A3DDE00F6F69F /* ViewController.swift */ = {isa = PBXFileReference; lastKnownFileType = sourcecode.swift; path = ViewController.swift; sourceTree = "<group>"; };
		C5783ED4296A3DDF00F6F69F /* Assets.xcassets */ = {isa = PBXFileReference; lastKnownFileType = folder.assetcatalog; path = Assets.xcassets; sourceTree = "<group>"; };
		C5783ED7296A3DDF00F6F69F /* Base */ = {isa = PBXFileReference; lastKnownFileType = file.storyboard; name = Base; path = Base.lproj/LaunchScreen.storyboard; sourceTree = "<group>"; };
		C5783ED9296A3DDF00F6F69F /* Info.plist */ = {isa = PBXFileReference; lastKnownFileType = text.plist.xml; path = Info.plist; sourceTree = "<group>"; };
		C5783EE9296A4BF600F6F69F /* Observabe.swift */ = {isa = PBXFileReference; lastKnownFileType = sourcecode.swift; path = Observabe.swift; sourceTree = "<group>"; };
		C5783EEB296A4C1400F6F69F /* User.swift */ = {isa = PBXFileReference; lastKnownFileType = sourcecode.swift; path = User.swift; sourceTree = "<group>"; };
		C5783EED296A4C3900F6F69F /* UserListViewModel.swift */ = {isa = PBXFileReference; lastKnownFileType = sourcecode.swift; path = UserListViewModel.swift; sourceTree = "<group>"; };
		C5783EEF296A4C4400F6F69F /* UserTableViewCellViewModel.swift */ = {isa = PBXFileReference; lastKnownFileType = sourcecode.swift; path = UserTableViewCellViewModel.swift; sourceTree = "<group>"; };
/* End PBXFileReference section */

/* Begin PBXFrameworksBuildPhase section */
		C5783EC5296A3DDD00F6F69F /* Frameworks */ = {
			isa = PBXFrameworksBuildPhase;
			buildActionMask = 2147483647;
			files = (
				C5783EE1296A445F00F6F69F /* SnapKit in Frameworks */,
			);
			runOnlyForDeploymentPostprocessing = 0;
		};
/* End PBXFrameworksBuildPhase section */

/* Begin PBXGroup section */
		C5783EBF296A3DDD00F6F69F = {
			isa = PBXGroup;
			children = (
				C5783ECA296A3DDE00F6F69F /* MVVM Bindings */,
				C5783EC9296A3DDE00F6F69F /* Products */,
			);
			sourceTree = "<group>";
		};
		C5783EC9296A3DDE00F6F69F /* Products */ = {
			isa = PBXGroup;
			children = (
				C5783EC8296A3DDE00F6F69F /* MVVM Bindings.app */,
			);
			name = Products;
			sourceTree = "<group>";
		};
		C5783ECA296A3DDE00F6F69F /* MVVM Bindings */ = {
			isa = PBXGroup;
			children = (
				C5783EE3296A49F700F6F69F /* Sources */,
				C5783EE4296A49FE00F6F69F /* Resources */,
			);
			path = "MVVM Bindings";
			sourceTree = "<group>";
		};
		C5783EE2296A49EF00F6F69F /* App */ = {
			isa = PBXGroup;
			children = (
				C5783ECB296A3DDE00F6F69F /* AppDelegate.swift */,
				C5783ECD296A3DDE00F6F69F /* SceneDelegate.swift */,
			);
			path = App;
			sourceTree = "<group>";
		};
		C5783EE3296A49F700F6F69F /* Sources */ = {
			isa = PBXGroup;
			children = (
				C5783EE2296A49EF00F6F69F /* App */,
				C5783EE6296A4B8900F6F69F /* Obserable */,
				C5783EE5296A4B7500F6F69F /* Model */,
				C5783EE8296A4BBA00F6F69F /* View */,
				C5783EE7296A4B9F00F6F69F /* ViewModels */,
			);
			path = Sources;
			sourceTree = "<group>";
		};
		C5783EE4296A49FE00F6F69F /* Resources */ = {
			isa = PBXGroup;
			children = (
				C5783ED4296A3DDF00F6F69F /* Assets.xcassets */,
				C5783ED6296A3DDF00F6F69F /* LaunchScreen.storyboard */,
				C5783ED9296A3DDF00F6F69F /* Info.plist */,
			);
			path = Resources;
			sourceTree = "<group>";
		};
		C5783EE5296A4B7500F6F69F /* Model */ = {
			isa = PBXGroup;
			children = (
				C5783EEB296A4C1400F6F69F /* User.swift */,
			);
			path = Model;
			sourceTree = "<group>";
		};
		C5783EE6296A4B8900F6F69F /* Obserable */ = {
			isa = PBXGroup;
			children = (
				C5783EE9296A4BF600F6F69F /* Observabe.swift */,
			);
			path = Obserable;
			sourceTree = "<group>";
		};
		C5783EE7296A4B9F00F6F69F /* ViewModels */ = {
			isa = PBXGroup;
			children = (
				C5783EED296A4C3900F6F69F /* UserListViewModel.swift */,
				C5783EEF296A4C4400F6F69F /* UserTableViewCellViewModel.swift */,
			);
			path = ViewModels;
			sourceTree = "<group>";
		};
		C5783EE8296A4BBA00F6F69F /* View */ = {
			isa = PBXGroup;
			children = (
				C5783ECF296A3DDE00F6F69F /* ViewController.swift */,
			);
			path = View;
			sourceTree = "<group>";
		};
/* End PBXGroup section */

/* Begin PBXNativeTarget section */
		C5783EC7296A3DDD00F6F69F /* MVVM Bindings */ = {
			isa = PBXNativeTarget;
			buildConfigurationList = C5783EDC296A3DDF00F6F69F /* Build configuration list for PBXNativeTarget "MVVM Bindings" */;
			buildPhases = (
				C5783EC4296A3DDD00F6F69F /* Sources */,
				C5783EC5296A3DDD00F6F69F /* Frameworks */,
				C5783EC6296A3DDD00F6F69F /* Resources */,
			);
			buildRules = (
			);
			dependencies = (
			);
			name = "MVVM Bindings";
			packageProductDependencies = (
				C5783EE0296A445F00F6F69F /* SnapKit */,
			);
			productName = "MVVM Bindings";
			productReference = C5783EC8296A3DDE00F6F69F /* MVVM Bindings.app */;
			productType = "com.apple.product-type.application";
		};
/* End PBXNativeTarget section */

/* Begin PBXProject section */
		C5783EC0296A3DDD00F6F69F /* Project object */ = {
			isa = PBXProject;
			attributes = {
				BuildIndependentTargetsInParallel = 1;
				LastSwiftUpdateCheck = 1410;
				LastUpgradeCheck = 1410;
				TargetAttributes = {
					C5783EC7296A3DDD00F6F69F = {
						CreatedOnToolsVersion = 14.1;
					};
				};
			};
			buildConfigurationList = C5783EC3296A3DDD00F6F69F /* Build configuration list for PBXProject "MVVM Bindings" */;
			compatibilityVersion = "Xcode 14.0";
			developmentRegion = en;
			hasScannedForEncodings = 0;
			knownRegions = (
				en,
				Base,
			);
			mainGroup = C5783EBF296A3DDD00F6F69F;
			packageReferences = (
				C5783EDF296A445F00F6F69F /* XCRemoteSwiftPackageReference "SnapKit" */,
			);
			productRefGroup = C5783EC9296A3DDE00F6F69F /* Products */;
			projectDirPath = "";
			projectRoot = "";
			targets = (
				C5783EC7296A3DDD00F6F69F /* MVVM Bindings */,
			);
		};
/* End PBXProject section */

/* Begin PBXResourcesBuildPhase section */
		C5783EC6296A3DDD00F6F69F /* Resources */ = {
			isa = PBXResourcesBuildPhase;
			buildActionMask = 2147483647;
			files = (
				C5783ED8296A3DDF00F6F69F /* LaunchScreen.storyboard in Resources */,
				C5783ED5296A3DDF00F6F69F /* Assets.xcassets in Resources */,
			);
			runOnlyForDeploymentPostprocessing = 0;
		};
/* End PBXResourcesBuildPhase section */

/* Begin PBXSourcesBuildPhase section */
		C5783EC4296A3DDD00F6F69F /* Sources */ = {
			isa = PBXSourcesBuildPhase;
			buildActionMask = 2147483647;
			files = (
				C5783ED0296A3DDE00F6F69F /* ViewController.swift in Sources */,
				C5783EEE296A4C3900F6F69F /* UserListViewModel.swift in Sources */,
				C5783ECC296A3DDE00F6F69F /* AppDelegate.swift in Sources */,
				C5783EF0296A4C4400F6F69F /* UserTableViewCellViewModel.swift in Sources */,
				C5783ECE296A3DDE00F6F69F /* SceneDelegate.swift in Sources */,
				C5783EEC296A4C1400F6F69F /* User.swift in Sources */,
				C5783EEA296A4BF600F6F69F /* Observabe.swift in Sources */,
			);
			runOnlyForDeploymentPostprocessing = 0;
		};
/* End PBXSourcesBuildPhase section */

/* Begin PBXVariantGroup section */
		C5783ED6296A3DDF00F6F69F /* LaunchScreen.storyboard */ = {
			isa = PBXVariantGroup;
			children = (
				C5783ED7296A3DDF00F6F69F /* Base */,
			);
			name = LaunchScreen.storyboard;
			sourceTree = "<group>";
		};
/* End PBXVariantGroup section */

/* Begin XCBuildConfiguration section */
		C5783EDA296A3DDF00F6F69F /* Debug */ = {
			isa = XCBuildConfiguration;
			buildSettings = {
				ALWAYS_SEARCH_USER_PATHS = NO;
				CLANG_ANALYZER_NONNULL = YES;
				CLANG_ANALYZER_NUMBER_OBJECT_CONVERSION = YES_AGGRESSIVE;
				CLANG_CXX_LANGUAGE_STANDARD = "gnu++20";
				CLANG_ENABLE_MODULES = YES;
				CLANG_ENABLE_OBJC_ARC = YES;
				CLANG_ENABLE_OBJC_WEAK = YES;
				CLANG_WARN_BLOCK_CAPTURE_AUTORELEASING = YES;
				CLANG_WARN_BOOL_CONVERSION = YES;
				CLANG_WARN_COMMA = YES;
				CLANG_WARN_CONSTANT_CONVERSION = YES;
				CLANG_WARN_DEPRECATED_OBJC_IMPLEMENTATIONS = YES;
				CLANG_WARN_DIRECT_OBJC_ISA_USAGE = YES_ERROR;
				CLANG_WARN_DOCUMENTATION_COMMENTS = YES;
				CLANG_WARN_EMPTY_BODY = YES;
				CLANG_WARN_ENUM_CONVERSION = YES;
				CLANG_WARN_INFINITE_RECURSION = YES;
				CLANG_WARN_INT_CONVERSION = YES;
				CLANG_WARN_NON_LITERAL_NULL_CONVERSION = YES;
				CLANG_WARN_OBJC_IMPLICIT_RETAIN_SELF = YES;
				CLANG_WARN_OBJC_LITERAL_CONVERSION = YES;
				CLANG_WARN_OBJC_ROOT_CLASS = YES_ERROR;
				CLANG_WARN_QUOTED_INCLUDE_IN_FRAMEWORK_HEADER = YES;
				CLANG_WARN_RANGE_LOOP_ANALYSIS = YES;
				CLANG_WARN_STRICT_PROTOTYPES = YES;
				CLANG_WARN_SUSPICIOUS_MOVE = YES;
				CLANG_WARN_UNGUARDED_AVAILABILITY = YES_AGGRESSIVE;
				CLANG_WARN_UNREACHABLE_CODE = YES;
				CLANG_WARN__DUPLICATE_METHOD_MATCH = YES;
				COPY_PHASE_STRIP = NO;
				DEBUG_INFORMATION_FORMAT = dwarf;
				ENABLE_STRICT_OBJC_MSGSEND = YES;
				ENABLE_TESTABILITY = YES;
				GCC_C_LANGUAGE_STANDARD = gnu11;
				GCC_DYNAMIC_NO_PIC = NO;
				GCC_NO_COMMON_BLOCKS = YES;
				GCC_OPTIMIZATION_LEVEL = 0;
				GCC_PREPROCESSOR_DEFINITIONS = (
					"DEBUG=1",
					"$(inherited)",
				);
				GCC_WARN_64_TO_32_BIT_CONVERSION = YES;
				GCC_WARN_ABOUT_RETURN_TYPE = YES_ERROR;
				GCC_WARN_UNDECLARED_SELECTOR = YES;
				GCC_WARN_UNINITIALIZED_AUTOS = YES_AGGRESSIVE;
				GCC_WARN_UNUSED_FUNCTION = YES;
				GCC_WARN_UNUSED_VARIABLE = YES;
				IPHONEOS_DEPLOYMENT_TARGET = 16.1;
				MTL_ENABLE_DEBUG_INFO = INCLUDE_SOURCE;
				MTL_FAST_MATH = YES;
				ONLY_ACTIVE_ARCH = YES;
				SDKROOT = iphoneos;
				SWIFT_ACTIVE_COMPILATION_CONDITIONS = DEBUG;
				SWIFT_OPTIMIZATION_LEVEL = "-Onone";
			};
			name = Debug;
		};
		C5783EDB296A3DDF00F6F69F /* Release */ = {
			isa = XCBuildConfiguration;
			buildSettings = {
				ALWAYS_SEARCH_USER_PATHS = NO;
				CLANG_ANALYZER_NONNULL = YES;
				CLANG_ANALYZER_NUMBER_OBJECT_CONVERSION = YES_AGGRESSIVE;
				CLANG_CXX_LANGUAGE_STANDARD = "gnu++20";
				CLANG_ENABLE_MODULES = YES;
				CLANG_ENABLE_OBJC_ARC = YES;
				CLANG_ENABLE_OBJC_WEAK = YES;
				CLANG_WARN_BLOCK_CAPTURE_AUTORELEASING = YES;
				CLANG_WARN_BOOL_CONVERSION = YES;
				CLANG_WARN_COMMA = YES;
				CLANG_WARN_CONSTANT_CONVERSION = YES;
				CLANG_WARN_DEPRECATED_OBJC_IMPLEMENTATIONS = YES;
				CLANG_WARN_DIRECT_OBJC_ISA_USAGE = YES_ERROR;
				CLANG_WARN_DOCUMENTATION_COMMENTS = YES;
				CLANG_WARN_EMPTY_BODY = YES;
				CLANG_WARN_ENUM_CONVERSION = YES;
				CLANG_WARN_INFINITE_RECURSION = YES;
				CLANG_WARN_INT_CONVERSION = YES;
				CLANG_WARN_NON_LITERAL_NULL_CONVERSION = YES;
				CLANG_WARN_OBJC_IMPLICIT_RETAIN_SELF = YES;
				CLANG_WARN_OBJC_LITERAL_CONVERSION = YES;
				CLANG_WARN_OBJC_ROOT_CLASS = YES_ERROR;
				CLANG_WARN_QUOTED_INCLUDE_IN_FRAMEWORK_HEADER = YES;
				CLANG_WARN_RANGE_LOOP_ANALYSIS = YES;
				CLANG_WARN_STRICT_PROTOTYPES = YES;
				CLANG_WARN_SUSPICIOUS_MOVE = YES;
				CLANG_WARN_UNGUARDED_AVAILABILITY = YES_AGGRESSIVE;
				CLANG_WARN_UNREACHABLE_CODE = YES;
				CLANG_WARN__DUPLICATE_METHOD_MATCH = YES;
				COPY_PHASE_STRIP = NO;
				DEBUG_INFORMATION_FORMAT = "dwarf-with-dsym";
				ENABLE_NS_ASSERTIONS = NO;
				ENABLE_STRICT_OBJC_MSGSEND = YES;
				GCC_C_LANGUAGE_STANDARD = gnu11;
				GCC_NO_COMMON_BLOCKS = YES;
				GCC_WARN_64_TO_32_BIT_CONVERSION = YES;
				GCC_WARN_ABOUT_RETURN_TYPE = YES_ERROR;
				GCC_WARN_UNDECLARED_SELECTOR = YES;
				GCC_WARN_UNINITIALIZED_AUTOS = YES_AGGRESSIVE;
				GCC_WARN_UNUSED_FUNCTION = YES;
				GCC_WARN_UNUSED_VARIABLE = YES;
				IPHONEOS_DEPLOYMENT_TARGET = 16.1;
				MTL_ENABLE_DEBUG_INFO = NO;
				MTL_FAST_MATH = YES;
				SDKROOT = iphoneos;
				SWIFT_COMPILATION_MODE = wholemodule;
				SWIFT_OPTIMIZATION_LEVEL = "-O";
				VALIDATE_PRODUCT = YES;
			};
			name = Release;
		};
		C5783EDD296A3DDF00F6F69F /* Debug */ = {
			isa = XCBuildConfiguration;
			buildSettings = {
				ASSETCATALOG_COMPILER_APPICON_NAME = AppIcon;
				ASSETCATALOG_COMPILER_GLOBAL_ACCENT_COLOR_NAME = AccentColor;
				CODE_SIGN_STYLE = Automatic;
				CURRENT_PROJECT_VERSION = 1;
				DEVELOPMENT_TEAM = N2XAP4CLZT;
				GENERATE_INFOPLIST_FILE = YES;
				INFOPLIST_FILE = "MVVM Bindings/Resources/Info.plist";
				INFOPLIST_KEY_UIApplicationSupportsIndirectInputEvents = YES;
				INFOPLIST_KEY_UILaunchStoryboardName = LaunchScreen;
				INFOPLIST_KEY_UISupportedInterfaceOrientations_iPad = "UIInterfaceOrientationPortrait UIInterfaceOrientationPortraitUpsideDown UIInterfaceOrientationLandscapeLeft UIInterfaceOrientationLandscapeRight";
				INFOPLIST_KEY_UISupportedInterfaceOrientations_iPhone = "UIInterfaceOrientationPortrait UIInterfaceOrientationLandscapeLeft UIInterfaceOrientationLandscapeRight";
				LD_RUNPATH_SEARCH_PATHS = (
					"$(inherited)",
					"@executable_path/Frameworks",
				);
				MARKETING_VERSION = 1.0;
				PRODUCT_BUNDLE_IDENTIFIER = "my.doker.MVVM-Bindings";
				PRODUCT_NAME = "$(TARGET_NAME)";
				SWIFT_EMIT_LOC_STRINGS = YES;
				SWIFT_VERSION = 5.0;
				TARGETED_DEVICE_FAMILY = "1,2";
			};
			name = Debug;
		};
		C5783EDE296A3DDF00F6F69F /* Release */ = {
			isa = XCBuildConfiguration;
			buildSettings = {
				ASSETCATALOG_COMPILER_APPICON_NAME = AppIcon;
				ASSETCATALOG_COMPILER_GLOBAL_ACCENT_COLOR_NAME = AccentColor;
				CODE_SIGN_STYLE = Automatic;
				CURRENT_PROJECT_VERSION = 1;
				DEVELOPMENT_TEAM = N2XAP4CLZT;
				GENERATE_INFOPLIST_FILE = YES;
				INFOPLIST_FILE = "MVVM Bindings/Resources/Info.plist";
				INFOPLIST_KEY_UIApplicationSupportsIndirectInputEvents = YES;
				INFOPLIST_KEY_UILaunchStoryboardName = LaunchScreen;
				INFOPLIST_KEY_UISupportedInterfaceOrientations_iPad = "UIInterfaceOrientationPortrait UIInterfaceOrientationPortraitUpsideDown UIInterfaceOrientationLandscapeLeft UIInterfaceOrientationLandscapeRight";
				INFOPLIST_KEY_UISupportedInterfaceOrientations_iPhone = "UIInterfaceOrientationPortrait UIInterfaceOrientationLandscapeLeft UIInterfaceOrientationLandscapeRight";
				LD_RUNPATH_SEARCH_PATHS = (
					"$(inherited)",
					"@executable_path/Frameworks",
				);
				MARKETING_VERSION = 1.0;
				PRODUCT_BUNDLE_IDENTIFIER = "my.doker.MVVM-Bindings";
				PRODUCT_NAME = "$(TARGET_NAME)";
				SWIFT_EMIT_LOC_STRINGS = YES;
				SWIFT_VERSION = 5.0;
				TARGETED_DEVICE_FAMILY = "1,2";
			};
			name = Release;
		};
/* End XCBuildConfiguration section */

/* Begin XCConfigurationList section */
		C5783EC3296A3DDD00F6F69F /* Build configuration list for PBXProject "MVVM Bindings" */ = {
			isa = XCConfigurationList;
			buildConfigurations = (
				C5783EDA296A3DDF00F6F69F /* Debug */,
				C5783EDB296A3DDF00F6F69F /* Release */,
			);
			defaultConfigurationIsVisible = 0;
			defaultConfigurationName = Release;
		};
		C5783EDC296A3DDF00F6F69F /* Build configuration list for PBXNativeTarget "MVVM Bindings" */ = {
			isa = XCConfigurationList;
			buildConfigurations = (
				C5783EDD296A3DDF00F6F69F /* Debug */,
				C5783EDE296A3DDF00F6F69F /* Release */,
			);
			defaultConfigurationIsVisible = 0;
			defaultConfigurationName = Release;
		};
/* End XCConfigurationList section */

/* Begin XCRemoteSwiftPackageReference section */
		C5783EDF296A445F00F6F69F /* XCRemoteSwiftPackageReference "SnapKit" */ = {
			isa = XCRemoteSwiftPackageReference;
			repositoryURL = "https://github.com/SnapKit/SnapKit.git";
			requirement = {
				branch = develop;
				kind = branch;
			};
		};
/* End XCRemoteSwiftPackageReference section */

/* Begin XCSwiftPackageProductDependency section */
		C5783EE0296A445F00F6F69F /* SnapKit */ = {
			isa = XCSwiftPackageProductDependency;
			package = C5783EDF296A445F00F6F69F /* XCRemoteSwiftPackageReference "SnapKit" */;
			productName = SnapKit;
		};
/* End XCSwiftPackageProductDependency section */
	};
	rootObject = C5783EC0296A3DDD00F6F69F /* Project object */;
}
